// !$*UTF8*$!
{
	archiveVersion = 1;
	classes = {
	};
	objectVersion = 46;
	objects = {

/* Begin PBXBuildFile section */
		8404E96E1F0621E3008A04B4 /* AppDelegate.swift in Sources */ = {isa = PBXBuildFile; fileRef = 8404E96D1F0621E3008A04B4 /* AppDelegate.swift */; };
		8404E9701F0621E3008A04B4 /* ViewController.swift in Sources */ = {isa = PBXBuildFile; fileRef = 8404E96F1F0621E3008A04B4 /* ViewController.swift */; };
		8404E9731F0621E3008A04B4 /* Main.storyboard in Resources */ = {isa = PBXBuildFile; fileRef = 8404E9711F0621E3008A04B4 /* Main.storyboard */; };
		8404E9751F0621E3008A04B4 /* Assets.xcassets in Resources */ = {isa = PBXBuildFile; fileRef = 8404E9741F0621E3008A04B4 /* Assets.xcassets */; };
		8404E9781F0621E3008A04B4 /* LaunchScreen.storyboard in Resources */ = {isa = PBXBuildFile; fileRef = 8404E9761F0621E3008A04B4 /* LaunchScreen.storyboard */; };
/* End PBXBuildFile section */

/* Begin PBXFileReference section */
		8404E96A1F0621E3008A04B4 /* Whispme.app */ = {isa = PBXFileReference; explicitFileType = wrapper.application; includeInIndex = 0; path = Whispme.app; sourceTree = BUILT_PRODUCTS_DIR; };
		8404E96D1F0621E3008A04B4 /* AppDelegate.swift */ = {isa = PBXFileReference; lastKnownFileType = sourcecode.swift; path = AppDelegate.swift; sourceTree = "<group>"; };
		8404E96F1F0621E3008A04B4 /* ViewController.swift */ = {isa = PBXFileReference; lastKnownFileType = sourcecode.swift; path = ViewController.swift; sourceTree = "<group>"; };
		8404E9721F0621E3008A04B4 /* Base */ = {isa = PBXFileReference; lastKnownFileType = file.storyboard; name = Base; path = Base.lproj/Main.storyboard; sourceTree = "<group>"; };
		8404E9741F0621E3008A04B4 /* Assets.xcassets */ = {isa = PBXFileReference; lastKnownFileType = folder.assetcatalog; path = Assets.xcassets; sourceTree = "<group>"; };
		8404E9771F0621E3008A04B4 /* Base */ = {isa = PBXFileReference; lastKnownFileType = file.storyboard; name = Base; path = Base.lproj/LaunchScreen.storyboard; sourceTree = "<group>"; };
		8404E9791F0621E3008A04B4 /* Info.plist */ = {isa = PBXFileReference; lastKnownFileType = text.plist.xml; path = Info.plist; sourceTree = "<group>"; };
/* End PBXFileReference section */

/* Begin PBXFrameworksBuildPhase section */
		8404E9671F0621E3008A04B4 /* Frameworks */ = {
			isa = PBXFrameworksBuildPhase;
			buildActionMask = 2147483647;
			files = (
			);
			runOnlyForDeploymentPostprocessing = 0;
		};
/* End PBXFrameworksBuildPhase section */

/* Begin PBXGroup section */
		8404E9611F0621E3008A04B4 = {
			isa = PBXGroup;
			children = (
				8404E96C1F0621E3008A04B4 /* Whispme */,
				8404E96B1F0621E3008A04B4 /* Products */,
			);
			sourceTree = "<group>";
		};
		8404E96B1F0621E3008A04B4 /* Products */ = {
			isa = PBXGroup;
			children = (
				8404E96A1F0621E3008A04B4 /* Whispme.app */,
			);
			name = Products;
			sourceTree = "<group>";
		};
		8404E96C1F0621E3008A04B4 /* Whispme */ = {
			isa = PBXGroup;
			children = (
				8404E97F1F062215008A04B4 /* Main */,
				8404E9801F062235008A04B4 /* ViewControllers */,
				8404E9741F0621E3008A04B4 /* Assets.xcassets */,
				8404E9791F0621E3008A04B4 /* Info.plist */,
			);
			path = Whispme;
			sourceTree = "<group>";
		};
		8404E97F1F062215008A04B4 /* Main */ = {
			isa = PBXGroup;
			children = (
				8404E96D1F0621E3008A04B4 /* AppDelegate.swift */,
			);
			name = Main;
			sourceTree = "<group>";
		};
		8404E9801F062235008A04B4 /* ViewControllers */ = {
			isa = PBXGroup;
			children = (
				8404E9711F0621E3008A04B4 /* Main.storyboard */,
				8404E9761F0621E3008A04B4 /* LaunchScreen.storyboard */,
				8404E96F1F0621E3008A04B4 /* ViewController.swift */,
			);
			name = ViewControllers;
			sourceTree = "<group>";
		};
/* End PBXGroup section */

/* Begin PBXNativeTarget section */
		8404E9691F0621E3008A04B4 /* Whispme */ = {
			isa = PBXNativeTarget;
			buildConfigurationList = 8404E97C1F0621E3008A04B4 /* Build configuration list for PBXNativeTarget "Whispme" */;
			buildPhases = (
				8404E9661F0621E3008A04B4 /* Sources */,
				8404E9671F0621E3008A04B4 /* Frameworks */,
				8404E9681F0621E3008A04B4 /* Resources */,
			);
			buildRules = (
			);
			dependencies = (
			);
			name = Whispme;
			productName = Whispme;
			productReference = 8404E96A1F0621E3008A04B4 /* Whispme.app */;
			productType = "com.apple.product-type.application";
		};
/* End PBXNativeTarget section */

/* Begin PBXProject section */
		8404E9621F0621E3008A04B4 /* Project object */ = {
			isa = PBXProject;
			attributes = {
				LastSwiftUpdateCheck = 0830;
				LastUpgradeCheck = 0830;
				ORGANIZATIONNAME = admin;
				TargetAttributes = {
					8404E9691F0621E3008A04B4 = {
						CreatedOnToolsVersion = 8.3.3;
						ProvisioningStyle = Automatic;
					};
				};
			};
			buildConfigurationList = 8404E9651F0621E3008A04B4 /* Build configuration list for PBXProject "Whispme" */;
			compatibilityVersion = "Xcode 3.2";
			developmentRegion = English;
			hasScannedForEncodings = 0;
			knownRegions = (
				en,
				Base,
			);
			mainGroup = 8404E9611F0621E3008A04B4;
			productRefGroup = 8404E96B1F0621E3008A04B4 /* Products */;
			projectDirPath = "";
			projectRoot = "";
			targets = (
				8404E9691F0621E3008A04B4 /* Whispme */,
			);
		};
/* End PBXProject section */

/* Begin PBXResourcesBuildPhase section */
		8404E9681F0621E3008A04B4 /* Resources */ = {
			isa = PBXResourcesBuildPhase;
			buildActionMask = 2147483647;
			files = (
				8404E9781F0621E3008A04B4 /* LaunchScreen.storyboard in Resources */,
				8404E9751F0621E3008A04B4 /* Assets.xcassets in Resources */,
				8404E9731F0621E3008A04B4 /* Main.storyboard in Resources */,
			);
			runOnlyForDeploymentPostprocessing = 0;
		};
/* End PBXResourcesBuildPhase section */

/* Begin PBXSourcesBuildPhase section */
		8404E9661F0621E3008A04B4 /* Sources */ = {
			isa = PBXSourcesBuildPhase;
			buildActionMask = 2147483647;
			files = (
				8404E9701F0621E3008A04B4 /* ViewController.swift in Sources */,
				8404E96E1F0621E3008A04B4 /* AppDelegate.swift in Sources */,
			);
			runOnlyForDeploymentPostprocessing = 0;
		};
/* End PBXSourcesBuildPhase section */

/* Begin PBXVariantGroup section */
		8404E9711F0621E3008A04B4 /* Main.storyboard */ = {
			isa = PBXVariantGroup;
			children = (
				8404E9721F0621E3008A04B4 /* Base */,
			);
			name = Main.storyboard;
			sourceTree = "<group>";
		};
		8404E9761F0621E3008A04B4 /* LaunchScreen.storyboard */ = {
			isa = PBXVariantGroup;
			children = (
				8404E9771F0621E3008A04B4 /* Base */,
			);
			name = LaunchScreen.storyboard;
			sourceTree = "<group>";
		};
/* End PBXVariantGroup section */

/* Begin XCBuildConfiguration section */
		8404E97A1F0621E3008A04B4 /* Debug */ = {
			isa = XCBuildConfiguration;
			buildSettings = {
				ALWAYS_SEARCH_USER_PATHS = NO;
				CLANG_ANALYZER_NONNULL = YES;
				CLANG_ANALYZER_NUMBER_OBJECT_CONVERSION = YES_AGGRESSIVE;
				CLANG_CXX_LANGUAGE_STANDARD = "gnu++0x";
				CLANG_CXX_LIBRARY = "libc++";
				CLANG_ENABLE_MODULES = YES;
				CLANG_ENABLE_OBJC_ARC = YES;
				CLANG_WARN_BOOL_CONVERSION = YES;
				CLANG_WARN_CONSTANT_CONVERSION = YES;
				CLANG_WARN_DIRECT_OBJC_ISA_USAGE = YES_ERROR;
				CLANG_WARN_DOCUMENTATION_COMMENTS = YES;
				CLANG_WARN_EMPTY_BODY = YES;
				CLANG_WARN_ENUM_CONVERSION = YES;
				CLANG_WARN_INFINITE_RECURSION = YES;
				CLANG_WARN_INT_CONVERSION = YES;
				CLANG_WARN_OBJC_ROOT_CLASS = YES_ERROR;
				CLANG_WARN_SUSPICIOUS_MOVE = YES;
				CLANG_WARN_UNREACHABLE_CODE = YES;
				CLANG_WARN__DUPLICATE_METHOD_MATCH = YES;
				"CODE_SIGN_IDENTITY[sdk=iphoneos*]" = "iPhone Developer";
				COPY_PHASE_STRIP = NO;
				DEBUG_INFORMATION_FORMAT = dwarf;
				ENABLE_STRICT_OBJC_MSGSEND = YES;
				ENABLE_TESTABILITY = YES;
				GCC_C_LANGUAGE_STANDARD = gnu99;
				GCC_DYNAMIC_NO_PIC = NO;
				GCC_NO_COMMON_BLOCKS = YES;
				GCC_OPTIMIZATION_LEVEL = 0;
				GCC_PREPROCESSOR_DEFINITIONS = (
					"DEBUG=1",
					"$(inherited)",
				);
				GCC_WARN_64_TO_32_BIT_CONVERSION = YES;
				GCC_WARN_ABOUT_RETURN_TYPE = YES_ERROR;
				GCC_WARN_UNDECLARED_SELECTOR = YES;
				GCC_WARN_UNINITIALIZED_AUTOS = YES_AGGRESSIVE;
				GCC_WARN_UNUSED_FUNCTION = YES;
				GCC_WARN_UNUSED_VARIABLE = YES;
				IPHONEOS_DEPLOYMENT_TARGET = 10.3;
				MTL_ENABLE_DEBUG_INFO = YES;
				ONLY_ACTIVE_ARCH = YES;
				SDKROOT = iphoneos;
				SWIFT_ACTIVE_COMPILATION_CONDITIONS = DEBUG;
				SWIFT_OPTIMIZATION_LEVEL = "-Onone";
				TARGETED_DEVICE_FAMILY = "1,2";
			};
			name = Debug;
		};
		8404E97B1F0621E3008A04B4 /* Release */ = {
			isa = XCBuildConfiguration;
			buildSettings = {
				ALWAYS_SEARCH_USER_PATHS = NO;
				CLANG_ANALYZER_NONNULL = YES;
				CLANG_ANALYZER_NUMBER_OBJECT_CONVERSION = YES_AGGRESSIVE;
				CLANG_CXX_LANGUAGE_STANDARD = "gnu++0x";
				CLANG_CXX_LIBRARY = "libc++";
				CLANG_ENABLE_MODULES = YES;
				CLANG_ENABLE_OBJC_ARC = YES;
				CLANG_WARN_BOOL_CONVERSION = YES;
				CLANG_WARN_CONSTANT_CONVERSION = YES;
				CLANG_WARN_DIRECT_OBJC_ISA_USAGE = YES_ERROR;
				CLANG_WARN_DOCUMENTATION_COMMENTS = YES;
				CLANG_WARN_EMPTY_BODY = YES;
				CLANG_WARN_ENUM_CONVERSION = YES;
				CLANG_WARN_INFINITE_RECURSION = YES;
				CLANG_WARN_INT_CONVERSION = YES;
				CLANG_WARN_OBJC_ROOT_CLASS = YES_ERROR;
				CLANG_WARN_SUSPICIOUS_MOVE = YES;
				CLANG_WARN_UNREACHABLE_CODE = YES;
				CLANG_WARN__DUPLICATE_METHOD_MATCH = YES;
				"CODE_SIGN_IDENTITY[sdk=iphoneos*]" = "iPhone Developer";
				COPY_PHASE_STRIP = NO;
				DEBUG_INFORMATION_FORMAT = "dwarf-with-dsym";
				ENABLE_NS_ASSERTIONS = NO;
				ENABLE_STRICT_OBJC_MSGSEND = YES;
				GCC_C_LANGUAGE_STANDARD = gnu99;
				GCC_NO_COMMON_BLOCKS = YES;
				GCC_WARN_64_TO_32_BIT_CONVERSION = YES;
				GCC_WARN_ABOUT_RETURN_TYPE = YES_ERROR;
				GCC_WARN_UNDECLARED_SELECTOR = YES;
				GCC_WARN_UNINITIALIZED_AUTOS = YES_AGGRESSIVE;
				GCC_WARN_UNUSED_FUNCTION = YES;
				GCC_WARN_UNUSED_VARIABLE = YES;
				IPHONEOS_DEPLOYMENT_TARGET = 10.3;
				MTL_ENABLE_DEBUG_INFO = NO;
				SDKROOT = iphoneos;
				SWIFT_OPTIMIZATION_LEVEL = "-Owholemodule";
				TARGETED_DEVICE_FAMILY = "1,2";
				VALIDATE_PRODUCT = YES;
			};
			name = Release;
		};
		8404E97D1F0621E3008A04B4 /* Debug */ = {
			isa = XCBuildConfiguration;
			buildSettings = {
				ASSETCATALOG_COMPILER_APPICON_NAME = AppIcon;
				INFOPLIST_FILE = Whispme/Info.plist;
				LD_RUNPATH_SEARCH_PATHS = "$(inherited) @executable_path/Frameworks";
				PRODUCT_BUNDLE_IDENTIFIER = upc.Whispme;
				PRODUCT_NAME = "$(TARGET_NAME)";
				SWIFT_VERSION = 3.0;
			};
			name = Debug;
		};
		8404E97E1F0621E3008A04B4 /* Release */ = {
			isa = XCBuildConfiguration;
			buildSettings = {
				ASSETCATALOG_COMPILER_APPICON_NAME = AppIcon;
				INFOPLIST_FILE = Whispme/Info.plist;
				LD_RUNPATH_SEARCH_PATHS = "$(inherited) @executable_path/Frameworks";
				PRODUCT_BUNDLE_IDENTIFIER = upc.Whispme;
				PRODUCT_NAME = "$(TARGET_NAME)";
				SWIFT_VERSION = 3.0;
			};
			name = Release;
		};
/* End XCBuildConfiguration section */

/* Begin XCConfigurationList section */
		8404E9651F0621E3008A04B4 /* Build configuration list for PBXProject "Whispme" */ = {
			isa = XCConfigurationList;
			buildConfigurations = (
				8404E97A1F0621E3008A04B4 /* Debug */,
				8404E97B1F0621E3008A04B4 /* Release */,
			);
			defaultConfigurationIsVisible = 0;
			defaultConfigurationName = Release;
		};
		8404E97C1F0621E3008A04B4 /* Build configuration list for PBXNativeTarget "Whispme" */ = {
			isa = XCConfigurationList;
			buildConfigurations = (
				8404E97D1F0621E3008A04B4 /* Debug */,
				8404E97E1F0621E3008A04B4 /* Release */,
			);
			defaultConfigurationIsVisible = 0;
		};
/* End XCConfigurationList section */
	};
	rootObject = 8404E9621F0621E3008A04B4 /* Project object */;
}
